
Microsoft Visual Studio Solution File, Format Version 12.00
# Visual Studio Version 17
VisualStudioVersion = 17.11.35327.3
MinimumVisualStudioVersion = 10.0.40219.1
Project("{FAE04EC0-301F-11D3-BF4B-00C04F79EFBC}") = "StockInventory", "StockInventory.csproj", "{472037CF-57D6-43D8-8481-D1FC1C1F0ED5}"
EndProject
Global
	GlobalSection(SolutionConfigurationPlatforms) = preSolution
		Debug|Any CPU = Debug|Any CPU
		Release|Any CPU = Release|Any CPU
	EndGlobalSection
	GlobalSection(ProjectConfigurationPlatforms) = postSolution
		{472037CF-57D6-43D8-8481-D1FC1C1F0ED5}.Debug|Any CPU.ActiveCfg = Debug|Any CPU
		{472037CF-57D6-43D8-8481-D1FC1C1F0ED5}.Debug|Any CPU.Build.0 = Debug|Any CPU
		{472037CF-57D6-43D8-8481-D1FC1C1F0ED5}.Release|Any CPU.ActiveCfg = Release|Any CPU
		{472037CF-57D6-43D8-8481-D1FC1C1F0ED5}.Release|Any CPU.Build.0 = Release|Any CPU
	EndGlobalSection
	GlobalSection(SolutionProperties) = preSolution
		HideSolutionNode = FALSE
	EndGlobalSection
	GlobalSection(ExtensibilityGlobals) = postSolution
		SolutionGuid = {D65D3944-8611-4032-BFFC-2EB39B42E929}
	EndGlobalSection
EndGlobal
